// !$*UTF8*$!
{
	archiveVersion = 1;
	classes = {
	};
	objectVersion = 50;
	objects = {

/* Begin PBXBuildFile section */
		00367EE72641921D00311DCE /* surfData.json in Resources */ = {isa = PBXBuildFile; fileRef = 00367EE62641921D00311DCE /* surfData.json */; };
		007F96372642E4FA009777D0 /* surfData2.json in Resources */ = {isa = PBXBuildFile; fileRef = 007F96362642E4FA009777D0 /* surfData2.json */; };
		38960C4D263FEC6B0006FA14 /* AsanoSurfApp.swift in Sources */ = {isa = PBXBuildFile; fileRef = 38960C4C263FEC6B0006FA14 /* AsanoSurfApp.swift */; };
		38960C4F263FEC6B0006FA14 /* ContentView.swift in Sources */ = {isa = PBXBuildFile; fileRef = 38960C4E263FEC6B0006FA14 /* ContentView.swift */; };
		38960C51263FEC6D0006FA14 /* Assets.xcassets in Resources */ = {isa = PBXBuildFile; fileRef = 38960C50263FEC6D0006FA14 /* Assets.xcassets */; };
		38960C54263FEC6D0006FA14 /* Preview Assets.xcassets in Resources */ = {isa = PBXBuildFile; fileRef = 38960C53263FEC6D0006FA14 /* Preview Assets.xcassets */; };
		38960C5F263FEC6D0006FA14 /* AsanoSurfTests.swift in Sources */ = {isa = PBXBuildFile; fileRef = 38960C5E263FEC6D0006FA14 /* AsanoSurfTests.swift */; };
		38960C6A263FEC6D0006FA14 /* AsanoSurfUITests.swift in Sources */ = {isa = PBXBuildFile; fileRef = 38960C69263FEC6D0006FA14 /* AsanoSurfUITests.swift */; };
		38960CAC264138090006FA14 /* ListSpot.swift in Sources */ = {isa = PBXBuildFile; fileRef = 38960CAB264138090006FA14 /* ListSpot.swift */; };
		38960CAE26413C760006FA14 /* ViewModel.swift in Sources */ = {isa = PBXBuildFile; fileRef = 38960CAD26413C760006FA14 /* ViewModel.swift */; };
		38960CB0264141EF0006FA14 /* SpotModel.swift in Sources */ = {isa = PBXBuildFile; fileRef = 38960CAF264141EF0006FA14 /* SpotModel.swift */; };
		38960CB2264144C80006FA14 /* DataProvider.swift in Sources */ = {isa = PBXBuildFile; fileRef = 38960CB1264144C80006FA14 /* DataProvider.swift */; };
/* End PBXBuildFile section */

/* Begin PBXContainerItemProxy section */
		38960C5B263FEC6D0006FA14 /* PBXContainerItemProxy */ = {
			isa = PBXContainerItemProxy;
			containerPortal = 38960C41263FEC6B0006FA14 /* Project object */;
			proxyType = 1;
			remoteGlobalIDString = 38960C48263FEC6B0006FA14;
			remoteInfo = AsanoSurf;
		};
		38960C66263FEC6D0006FA14 /* PBXContainerItemProxy */ = {
			isa = PBXContainerItemProxy;
			containerPortal = 38960C41263FEC6B0006FA14 /* Project object */;
			proxyType = 1;
			remoteGlobalIDString = 38960C48263FEC6B0006FA14;
			remoteInfo = AsanoSurf;
		};
/* End PBXContainerItemProxy section */

/* Begin PBXFileReference section */
		00367EE62641921D00311DCE /* surfData.json */ = {isa = PBXFileReference; lastKnownFileType = text.json; path = surfData.json; sourceTree = "<group>"; };
		007F96362642E4FA009777D0 /* surfData2.json */ = {isa = PBXFileReference; lastKnownFileType = text.json; path = surfData2.json; sourceTree = "<group>"; };
		38960C49263FEC6B0006FA14 /* AsanoSurf.app */ = {isa = PBXFileReference; explicitFileType = wrapper.application; includeInIndex = 0; path = AsanoSurf.app; sourceTree = BUILT_PRODUCTS_DIR; };
		38960C4C263FEC6B0006FA14 /* AsanoSurfApp.swift */ = {isa = PBXFileReference; lastKnownFileType = sourcecode.swift; path = AsanoSurfApp.swift; sourceTree = "<group>"; };
		38960C4E263FEC6B0006FA14 /* ContentView.swift */ = {isa = PBXFileReference; lastKnownFileType = sourcecode.swift; path = ContentView.swift; sourceTree = "<group>"; };
		38960C50263FEC6D0006FA14 /* Assets.xcassets */ = {isa = PBXFileReference; lastKnownFileType = folder.assetcatalog; path = Assets.xcassets; sourceTree = "<group>"; };
		38960C53263FEC6D0006FA14 /* Preview Assets.xcassets */ = {isa = PBXFileReference; lastKnownFileType = folder.assetcatalog; path = "Preview Assets.xcassets"; sourceTree = "<group>"; };
		38960C55263FEC6D0006FA14 /* Info.plist */ = {isa = PBXFileReference; lastKnownFileType = text.plist.xml; path = Info.plist; sourceTree = "<group>"; };
		38960C5A263FEC6D0006FA14 /* AsanoSurfTests.xctest */ = {isa = PBXFileReference; explicitFileType = wrapper.cfbundle; includeInIndex = 0; path = AsanoSurfTests.xctest; sourceTree = BUILT_PRODUCTS_DIR; };
		38960C5E263FEC6D0006FA14 /* AsanoSurfTests.swift */ = {isa = PBXFileReference; lastKnownFileType = sourcecode.swift; path = AsanoSurfTests.swift; sourceTree = "<group>"; };
		38960C60263FEC6D0006FA14 /* Info.plist */ = {isa = PBXFileReference; lastKnownFileType = text.plist.xml; path = Info.plist; sourceTree = "<group>"; };
		38960C65263FEC6D0006FA14 /* AsanoSurfUITests.xctest */ = {isa = PBXFileReference; explicitFileType = wrapper.cfbundle; includeInIndex = 0; path = AsanoSurfUITests.xctest; sourceTree = BUILT_PRODUCTS_DIR; };
		38960C69263FEC6D0006FA14 /* AsanoSurfUITests.swift */ = {isa = PBXFileReference; lastKnownFileType = sourcecode.swift; path = AsanoSurfUITests.swift; sourceTree = "<group>"; };
		38960C6B263FEC6D0006FA14 /* Info.plist */ = {isa = PBXFileReference; lastKnownFileType = text.plist.xml; path = Info.plist; sourceTree = "<group>"; };
		38960CAB264138090006FA14 /* ListSpot.swift */ = {isa = PBXFileReference; lastKnownFileType = sourcecode.swift; path = ListSpot.swift; sourceTree = "<group>"; };
		38960CAD26413C760006FA14 /* ViewModel.swift */ = {isa = PBXFileReference; lastKnownFileType = sourcecode.swift; path = ViewModel.swift; sourceTree = "<group>"; };
		38960CAF264141EF0006FA14 /* SpotModel.swift */ = {isa = PBXFileReference; lastKnownFileType = sourcecode.swift; path = SpotModel.swift; sourceTree = "<group>"; };
		38960CB1264144C80006FA14 /* DataProvider.swift */ = {isa = PBXFileReference; lastKnownFileType = sourcecode.swift; path = DataProvider.swift; sourceTree = "<group>"; };
/* End PBXFileReference section */

/* Begin PBXFrameworksBuildPhase section */
		38960C46263FEC6B0006FA14 /* Frameworks */ = {
			isa = PBXFrameworksBuildPhase;
			buildActionMask = 2147483647;
			files = (
			);
			runOnlyForDeploymentPostprocessing = 0;
		};
		38960C57263FEC6D0006FA14 /* Frameworks */ = {
			isa = PBXFrameworksBuildPhase;
			buildActionMask = 2147483647;
			files = (
			);
			runOnlyForDeploymentPostprocessing = 0;
		};
		38960C62263FEC6D0006FA14 /* Frameworks */ = {
			isa = PBXFrameworksBuildPhase;
			buildActionMask = 2147483647;
			files = (
			);
			runOnlyForDeploymentPostprocessing = 0;
		};
/* End PBXFrameworksBuildPhase section */

/* Begin PBXGroup section */
		38960C40263FEC6B0006FA14 = {
			isa = PBXGroup;
			children = (
				38960C4B263FEC6B0006FA14 /* AsanoSurf */,
				38960C5D263FEC6D0006FA14 /* AsanoSurfTests */,
				38960C68263FEC6D0006FA14 /* AsanoSurfUITests */,
				38960C4A263FEC6B0006FA14 /* Products */,
			);
			sourceTree = "<group>";
		};
		38960C4A263FEC6B0006FA14 /* Products */ = {
			isa = PBXGroup;
			children = (
				38960C49263FEC6B0006FA14 /* AsanoSurf.app */,
				38960C5A263FEC6D0006FA14 /* AsanoSurfTests.xctest */,
				38960C65263FEC6D0006FA14 /* AsanoSurfUITests.xctest */,
			);
			name = Products;
			sourceTree = "<group>";
		};
		38960C4B263FEC6B0006FA14 /* AsanoSurf */ = {
			isa = PBXGroup;
			children = (
				38960C4C263FEC6B0006FA14 /* AsanoSurfApp.swift */,
				38960C4E263FEC6B0006FA14 /* ContentView.swift */,
				38960C50263FEC6D0006FA14 /* Assets.xcassets */,
				38960C55263FEC6D0006FA14 /* Info.plist */,
				38960C52263FEC6D0006FA14 /* Preview Content */,
				38960CAB264138090006FA14 /* ListSpot.swift */,
				38960CAD26413C760006FA14 /* ViewModel.swift */,
				38960CAF264141EF0006FA14 /* SpotModel.swift */,
				38960CB1264144C80006FA14 /* DataProvider.swift */,
				00367EE62641921D00311DCE /* surfData.json */,
				007F96362642E4FA009777D0 /* surfData2.json */,
			);
			path = AsanoSurf;
			sourceTree = "<group>";
		};
		38960C52263FEC6D0006FA14 /* Preview Content */ = {
			isa = PBXGroup;
			children = (
				38960C53263FEC6D0006FA14 /* Preview Assets.xcassets */,
			);
			path = "Preview Content";
			sourceTree = "<group>";
		};
		38960C5D263FEC6D0006FA14 /* AsanoSurfTests */ = {
			isa = PBXGroup;
			children = (
				38960C5E263FEC6D0006FA14 /* AsanoSurfTests.swift */,
				38960C60263FEC6D0006FA14 /* Info.plist */,
			);
			path = AsanoSurfTests;
			sourceTree = "<group>";
		};
		38960C68263FEC6D0006FA14 /* AsanoSurfUITests */ = {
			isa = PBXGroup;
			children = (
				38960C69263FEC6D0006FA14 /* AsanoSurfUITests.swift */,
				38960C6B263FEC6D0006FA14 /* Info.plist */,
			);
			path = AsanoSurfUITests;
			sourceTree = "<group>";
		};
/* End PBXGroup section */

/* Begin PBXNativeTarget section */
		38960C48263FEC6B0006FA14 /* AsanoSurf */ = {
			isa = PBXNativeTarget;
			buildConfigurationList = 38960C6E263FEC6D0006FA14 /* Build configuration list for PBXNativeTarget "AsanoSurf" */;
			buildPhases = (
				38960C45263FEC6B0006FA14 /* Sources */,
				38960C46263FEC6B0006FA14 /* Frameworks */,
				38960C47263FEC6B0006FA14 /* Resources */,
			);
			buildRules = (
			);
			dependencies = (
			);
			name = AsanoSurf;
			productName = AsanoSurf;
			productReference = 38960C49263FEC6B0006FA14 /* AsanoSurf.app */;
			productType = "com.apple.product-type.application";
		};
		38960C59263FEC6D0006FA14 /* AsanoSurfTests */ = {
			isa = PBXNativeTarget;
			buildConfigurationList = 38960C71263FEC6D0006FA14 /* Build configuration list for PBXNativeTarget "AsanoSurfTests" */;
			buildPhases = (
				38960C56263FEC6D0006FA14 /* Sources */,
				38960C57263FEC6D0006FA14 /* Frameworks */,
				38960C58263FEC6D0006FA14 /* Resources */,
			);
			buildRules = (
			);
			dependencies = (
				38960C5C263FEC6D0006FA14 /* PBXTargetDependency */,
			);
			name = AsanoSurfTests;
			productName = AsanoSurfTests;
			productReference = 38960C5A263FEC6D0006FA14 /* AsanoSurfTests.xctest */;
			productType = "com.apple.product-type.bundle.unit-test";
		};
		38960C64263FEC6D0006FA14 /* AsanoSurfUITests */ = {
			isa = PBXNativeTarget;
			buildConfigurationList = 38960C74263FEC6D0006FA14 /* Build configuration list for PBXNativeTarget "AsanoSurfUITests" */;
			buildPhases = (
				38960C61263FEC6D0006FA14 /* Sources */,
				38960C62263FEC6D0006FA14 /* Frameworks */,
				38960C63263FEC6D0006FA14 /* Resources */,
			);
			buildRules = (
			);
			dependencies = (
				38960C67263FEC6D0006FA14 /* PBXTargetDependency */,
			);
			name = AsanoSurfUITests;
			productName = AsanoSurfUITests;
			productReference = 38960C65263FEC6D0006FA14 /* AsanoSurfUITests.xctest */;
			productType = "com.apple.product-type.bundle.ui-testing";
		};
/* End PBXNativeTarget section */

/* Begin PBXProject section */
		38960C41263FEC6B0006FA14 /* Project object */ = {
			isa = PBXProject;
			attributes = {
				LastSwiftUpdateCheck = 1250;
				LastUpgradeCheck = 1250;
				TargetAttributes = {
					38960C48263FEC6B0006FA14 = {
						CreatedOnToolsVersion = 12.5;
					};
					38960C59263FEC6D0006FA14 = {
						CreatedOnToolsVersion = 12.5;
						TestTargetID = 38960C48263FEC6B0006FA14;
					};
					38960C64263FEC6D0006FA14 = {
						CreatedOnToolsVersion = 12.5;
						TestTargetID = 38960C48263FEC6B0006FA14;
					};
				};
			};
			buildConfigurationList = 38960C44263FEC6B0006FA14 /* Build configuration list for PBXProject "AsanoSurf" */;
			compatibilityVersion = "Xcode 9.3";
			developmentRegion = en;
			hasScannedForEncodings = 0;
			knownRegions = (
				en,
				Base,
			);
			mainGroup = 38960C40263FEC6B0006FA14;
			productRefGroup = 38960C4A263FEC6B0006FA14 /* Products */;
			projectDirPath = "";
			projectRoot = "";
			targets = (
				38960C48263FEC6B0006FA14 /* AsanoSurf */,
				38960C59263FEC6D0006FA14 /* AsanoSurfTests */,
				38960C64263FEC6D0006FA14 /* AsanoSurfUITests */,
			);
		};
/* End PBXProject section */

/* Begin PBXResourcesBuildPhase section */
		38960C47263FEC6B0006FA14 /* Resources */ = {
			isa = PBXResourcesBuildPhase;
			buildActionMask = 2147483647;
			files = (
				38960C54263FEC6D0006FA14 /* Preview Assets.xcassets in Resources */,
				38960C51263FEC6D0006FA14 /* Assets.xcassets in Resources */,
				007F96372642E4FA009777D0 /* surfData2.json in Resources */,
				00367EE72641921D00311DCE /* surfData.json in Resources */,
			);
			runOnlyForDeploymentPostprocessing = 0;
		};
		38960C58263FEC6D0006FA14 /* Resources */ = {
			isa = PBXResourcesBuildPhase;
			buildActionMask = 2147483647;
			files = (
			);
			runOnlyForDeploymentPostprocessing = 0;
		};
		38960C63263FEC6D0006FA14 /* Resources */ = {
			isa = PBXResourcesBuildPhase;
			buildActionMask = 2147483647;
			files = (
			);
			runOnlyForDeploymentPostprocessing = 0;
		};
/* End PBXResourcesBuildPhase section */

/* Begin PBXSourcesBuildPhase section */
		38960C45263FEC6B0006FA14 /* Sources */ = {
			isa = PBXSourcesBuildPhase;
			buildActionMask = 2147483647;
			files = (
				38960CB2264144C80006FA14 /* DataProvider.swift in Sources */,
				38960CAE26413C760006FA14 /* ViewModel.swift in Sources */,
				38960C4F263FEC6B0006FA14 /* ContentView.swift in Sources */,
				38960CB0264141EF0006FA14 /* SpotModel.swift in Sources */,
				38960C4D263FEC6B0006FA14 /* AsanoSurfApp.swift in Sources */,
				38960CAC264138090006FA14 /* ListSpot.swift in Sources */,
			);
			runOnlyForDeploymentPostprocessing = 0;
		};
		38960C56263FEC6D0006FA14 /* Sources */ = {
			isa = PBXSourcesBuildPhase;
			buildActionMask = 2147483647;
			files = (
				38960C5F263FEC6D0006FA14 /* AsanoSurfTests.swift in Sources */,
			);
			runOnlyForDeploymentPostprocessing = 0;
		};
		38960C61263FEC6D0006FA14 /* Sources */ = {
			isa = PBXSourcesBuildPhase;
			buildActionMask = 2147483647;
			files = (
				38960C6A263FEC6D0006FA14 /* AsanoSurfUITests.swift in Sources */,
			);
			runOnlyForDeploymentPostprocessing = 0;
		};
/* End PBXSourcesBuildPhase section */

/* Begin PBXTargetDependency section */
		38960C5C263FEC6D0006FA14 /* PBXTargetDependency */ = {
			isa = PBXTargetDependency;
			target = 38960C48263FEC6B0006FA14 /* AsanoSurf */;
			targetProxy = 38960C5B263FEC6D0006FA14 /* PBXContainerItemProxy */;
		};
		38960C67263FEC6D0006FA14 /* PBXTargetDependency */ = {
			isa = PBXTargetDependency;
			target = 38960C48263FEC6B0006FA14 /* AsanoSurf */;
			targetProxy = 38960C66263FEC6D0006FA14 /* PBXContainerItemProxy */;
		};
/* End PBXTargetDependency section */

/* Begin XCBuildConfiguration section */
		38960C6C263FEC6D0006FA14 /* Debug */ = {
			isa = XCBuildConfiguration;
			buildSettings = {
				ALWAYS_SEARCH_USER_PATHS = NO;
				CLANG_ANALYZER_NONNULL = YES;
				CLANG_ANALYZER_NUMBER_OBJECT_CONVERSION = YES_AGGRESSIVE;
				CLANG_CXX_LANGUAGE_STANDARD = "gnu++14";
				CLANG_CXX_LIBRARY = "libc++";
				CLANG_ENABLE_MODULES = YES;
				CLANG_ENABLE_OBJC_ARC = YES;
				CLANG_ENABLE_OBJC_WEAK = YES;
				CLANG_WARN_BLOCK_CAPTURE_AUTORELEASING = YES;
				CLANG_WARN_BOOL_CONVERSION = YES;
				CLANG_WARN_COMMA = YES;
				CLANG_WARN_CONSTANT_CONVERSION = YES;
				CLANG_WARN_DEPRECATED_OBJC_IMPLEMENTATIONS = YES;
				CLANG_WARN_DIRECT_OBJC_ISA_USAGE = YES_ERROR;
				CLANG_WARN_DOCUMENTATION_COMMENTS = YES;
				CLANG_WARN_EMPTY_BODY = YES;
				CLANG_WARN_ENUM_CONVERSION = YES;
				CLANG_WARN_INFINITE_RECURSION = YES;
				CLANG_WARN_INT_CONVERSION = YES;
				CLANG_WARN_NON_LITERAL_NULL_CONVERSION = YES;
				CLANG_WARN_OBJC_IMPLICIT_RETAIN_SELF = YES;
				CLANG_WARN_OBJC_LITERAL_CONVERSION = YES;
				CLANG_WARN_OBJC_ROOT_CLASS = YES_ERROR;
				CLANG_WARN_QUOTED_INCLUDE_IN_FRAMEWORK_HEADER = YES;
				CLANG_WARN_RANGE_LOOP_ANALYSIS = YES;
				CLANG_WARN_STRICT_PROTOTYPES = YES;
				CLANG_WARN_SUSPICIOUS_MOVE = YES;
				CLANG_WARN_UNGUARDED_AVAILABILITY = YES_AGGRESSIVE;
				CLANG_WARN_UNREACHABLE_CODE = YES;
				CLANG_WARN__DUPLICATE_METHOD_MATCH = YES;
				COPY_PHASE_STRIP = NO;
				DEBUG_INFORMATION_FORMAT = dwarf;
				ENABLE_STRICT_OBJC_MSGSEND = YES;
				ENABLE_TESTABILITY = YES;
				GCC_C_LANGUAGE_STANDARD = gnu11;
				GCC_DYNAMIC_NO_PIC = NO;
				GCC_NO_COMMON_BLOCKS = YES;
				GCC_OPTIMIZATION_LEVEL = 0;
				GCC_PREPROCESSOR_DEFINITIONS = (
					"DEBUG=1",
					"$(inherited)",
				);
				GCC_WARN_64_TO_32_BIT_CONVERSION = YES;
				GCC_WARN_ABOUT_RETURN_TYPE = YES_ERROR;
				GCC_WARN_UNDECLARED_SELECTOR = YES;
				GCC_WARN_UNINITIALIZED_AUTOS = YES_AGGRESSIVE;
				GCC_WARN_UNUSED_FUNCTION = YES;
				GCC_WARN_UNUSED_VARIABLE = YES;
				IPHONEOS_DEPLOYMENT_TARGET = 14.5;
				MTL_ENABLE_DEBUG_INFO = INCLUDE_SOURCE;
				MTL_FAST_MATH = YES;
				ONLY_ACTIVE_ARCH = YES;
				SDKROOT = iphoneos;
				SWIFT_ACTIVE_COMPILATION_CONDITIONS = DEBUG;
				SWIFT_OPTIMIZATION_LEVEL = "-Onone";
			};
			name = Debug;
		};
		38960C6D263FEC6D0006FA14 /* Release */ = {
			isa = XCBuildConfiguration;
			buildSettings = {
				ALWAYS_SEARCH_USER_PATHS = NO;
				CLANG_ANALYZER_NONNULL = YES;
				CLANG_ANALYZER_NUMBER_OBJECT_CONVERSION = YES_AGGRESSIVE;
				CLANG_CXX_LANGUAGE_STANDARD = "gnu++14";
				CLANG_CXX_LIBRARY = "libc++";
				CLANG_ENABLE_MODULES = YES;
				CLANG_ENABLE_OBJC_ARC = YES;
				CLANG_ENABLE_OBJC_WEAK = YES;
				CLANG_WARN_BLOCK_CAPTURE_AUTORELEASING = YES;
				CLANG_WARN_BOOL_CONVERSION = YES;
				CLANG_WARN_COMMA = YES;
				CLANG_WARN_CONSTANT_CONVERSION = YES;
				CLANG_WARN_DEPRECATED_OBJC_IMPLEMENTATIONS = YES;
				CLANG_WARN_DIRECT_OBJC_ISA_USAGE = YES_ERROR;
				CLANG_WARN_DOCUMENTATION_COMMENTS = YES;
				CLANG_WARN_EMPTY_BODY = YES;
				CLANG_WARN_ENUM_CONVERSION = YES;
				CLANG_WARN_INFINITE_RECURSION = YES;
				CLANG_WARN_INT_CONVERSION = YES;
				CLANG_WARN_NON_LITERAL_NULL_CONVERSION = YES;
				CLANG_WARN_OBJC_IMPLICIT_RETAIN_SELF = YES;
				CLANG_WARN_OBJC_LITERAL_CONVERSION = YES;
				CLANG_WARN_OBJC_ROOT_CLASS = YES_ERROR;
				CLANG_WARN_QUOTED_INCLUDE_IN_FRAMEWORK_HEADER = YES;
				CLANG_WARN_RANGE_LOOP_ANALYSIS = YES;
				CLANG_WARN_STRICT_PROTOTYPES = YES;
				CLANG_WARN_SUSPICIOUS_MOVE = YES;
				CLANG_WARN_UNGUARDED_AVAILABILITY = YES_AGGRESSIVE;
				CLANG_WARN_UNREACHABLE_CODE = YES;
				CLANG_WARN__DUPLICATE_METHOD_MATCH = YES;
				COPY_PHASE_STRIP = NO;
				DEBUG_INFORMATION_FORMAT = "dwarf-with-dsym";
				ENABLE_NS_ASSERTIONS = NO;
				ENABLE_STRICT_OBJC_MSGSEND = YES;
				GCC_C_LANGUAGE_STANDARD = gnu11;
				GCC_NO_COMMON_BLOCKS = YES;
				GCC_WARN_64_TO_32_BIT_CONVERSION = YES;
				GCC_WARN_ABOUT_RETURN_TYPE = YES_ERROR;
				GCC_WARN_UNDECLARED_SELECTOR = YES;
				GCC_WARN_UNINITIALIZED_AUTOS = YES_AGGRESSIVE;
				GCC_WARN_UNUSED_FUNCTION = YES;
				GCC_WARN_UNUSED_VARIABLE = YES;
				IPHONEOS_DEPLOYMENT_TARGET = 14.5;
				MTL_ENABLE_DEBUG_INFO = NO;
				MTL_FAST_MATH = YES;
				SDKROOT = iphoneos;
				SWIFT_COMPILATION_MODE = wholemodule;
				SWIFT_OPTIMIZATION_LEVEL = "-O";
				VALIDATE_PRODUCT = YES;
			};
			name = Release;
		};
		38960C6F263FEC6D0006FA14 /* Debug */ = {
			isa = XCBuildConfiguration;
			buildSettings = {
				ASSETCATALOG_COMPILER_APPICON_NAME = AppIcon;
				ASSETCATALOG_COMPILER_GLOBAL_ACCENT_COLOR_NAME = AccentColor;
				CODE_SIGN_STYLE = Automatic;
				DEVELOPMENT_ASSET_PATHS = "\"AsanoSurf/Preview Content\"";
				ENABLE_PREVIEWS = YES;
				INFOPLIST_FILE = AsanoSurf/Info.plist;
				IPHONEOS_DEPLOYMENT_TARGET = 14.0;
				LD_RUNPATH_SEARCH_PATHS = (
					"$(inherited)",
					"@executable_path/Frameworks",
				);
				PRODUCT_BUNDLE_IDENTIFIER = Ada.AsanoSurf;
				PRODUCT_NAME = "$(TARGET_NAME)";
				SWIFT_VERSION = 5.0;
				TARGETED_DEVICE_FAMILY = "1,2";
			};
			name = Debug;
		};
		38960C70263FEC6D0006FA14 /* Release */ = {
			isa = XCBuildConfiguration;
			buildSettings = {
				ASSETCATALOG_COMPILER_APPICON_NAME = AppIcon;
				ASSETCATALOG_COMPILER_GLOBAL_ACCENT_COLOR_NAME = AccentColor;
				CODE_SIGN_STYLE = Automatic;
				DEVELOPMENT_ASSET_PATHS = "\"AsanoSurf/Preview Content\"";
				ENABLE_PREVIEWS = YES;
				INFOPLIST_FILE = AsanoSurf/Info.plist;
				IPHONEOS_DEPLOYMENT_TARGET = 14.0;
				LD_RUNPATH_SEARCH_PATHS = (
					"$(inherited)",
					"@executable_path/Frameworks",
				);
				PRODUCT_BUNDLE_IDENTIFIER = Ada.AsanoSurf;
				PRODUCT_NAME = "$(TARGET_NAME)";
				SWIFT_VERSION = 5.0;
				TARGETED_DEVICE_FAMILY = "1,2";
			};
			name = Release;
		};
		38960C72263FEC6D0006FA14 /* Debug */ = {
			isa = XCBuildConfiguration;
			buildSettings = {
				ALWAYS_EMBED_SWIFT_STANDARD_LIBRARIES = YES;
				BUNDLE_LOADER = "$(TEST_HOST)";
				CODE_SIGN_STYLE = Automatic;
				INFOPLIST_FILE = AsanoSurfTests/Info.plist;
				IPHONEOS_DEPLOYMENT_TARGET = 14.0;
				LD_RUNPATH_SEARCH_PATHS = (
					"$(inherited)",
					"@executable_path/Frameworks",
					"@loader_path/Frameworks",
				);
				PRODUCT_BUNDLE_IDENTIFIER = Ada.AsanoSurfTests;
				PRODUCT_NAME = "$(TARGET_NAME)";
				SWIFT_VERSION = 5.0;
				TARGETED_DEVICE_FAMILY = "1,2";
				TEST_HOST = "$(BUILT_PRODUCTS_DIR)/AsanoSurf.app/AsanoSurf";
			};
			name = Debug;
		};
		38960C73263FEC6D0006FA14 /* Release */ = {
			isa = XCBuildConfiguration;
			buildSettings = {
				ALWAYS_EMBED_SWIFT_STANDARD_LIBRARIES = YES;
				BUNDLE_LOADER = "$(TEST_HOST)";
				CODE_SIGN_STYLE = Automatic;
				INFOPLIST_FILE = AsanoSurfTests/Info.plist;
				IPHONEOS_DEPLOYMENT_TARGET = 14.0;
				LD_RUNPATH_SEARCH_PATHS = (
					"$(inherited)",
					"@executable_path/Frameworks",
					"@loader_path/Frameworks",
				);
				PRODUCT_BUNDLE_IDENTIFIER = Ada.AsanoSurfTests;
				PRODUCT_NAME = "$(TARGET_NAME)";
				SWIFT_VERSION = 5.0;
				TARGETED_DEVICE_FAMILY = "1,2";
				TEST_HOST = "$(BUILT_PRODUCTS_DIR)/AsanoSurf.app/AsanoSurf";
			};
			name = Release;
		};
		38960C75263FEC6D0006FA14 /* Debug */ = {
			isa = XCBuildConfiguration;
			buildSettings = {
				ALWAYS_EMBED_SWIFT_STANDARD_LIBRARIES = YES;
				CODE_SIGN_STYLE = Automatic;
				INFOPLIST_FILE = AsanoSurfUITests/Info.plist;
				LD_RUNPATH_SEARCH_PATHS = (
					"$(inherited)",
					"@executable_path/Frameworks",
					"@loader_path/Frameworks",
				);
				PRODUCT_BUNDLE_IDENTIFIER = Ada.AsanoSurfUITests;
				PRODUCT_NAME = "$(TARGET_NAME)";
				SWIFT_VERSION = 5.0;
				TARGETED_DEVICE_FAMILY = "1,2";
				TEST_TARGET_NAME = AsanoSurf;
			};
			name = Debug;
		};
		38960C76263FEC6D0006FA14 /* Release */ = {
			isa = XCBuildConfiguration;
			buildSettings = {
				ALWAYS_EMBED_SWIFT_STANDARD_LIBRARIES = YES;
				CODE_SIGN_STYLE = Automatic;
				INFOPLIST_FILE = AsanoSurfUITests/Info.plist;
				LD_RUNPATH_SEARCH_PATHS = (
					"$(inherited)",
					"@executable_path/Frameworks",
					"@loader_path/Frameworks",
				);
				PRODUCT_BUNDLE_IDENTIFIER = Ada.AsanoSurfUITests;
				PRODUCT_NAME = "$(TARGET_NAME)";
				SWIFT_VERSION = 5.0;
				TARGETED_DEVICE_FAMILY = "1,2";
				TEST_TARGET_NAME = AsanoSurf;
			};
			name = Release;
		};
/* End XCBuildConfiguration section */

/* Begin XCConfigurationList section */
		38960C44263FEC6B0006FA14 /* Build configuration list for PBXProject "AsanoSurf" */ = {
			isa = XCConfigurationList;
			buildConfigurations = (
				38960C6C263FEC6D0006FA14 /* Debug */,
				38960C6D263FEC6D0006FA14 /* Release */,
			);
			defaultConfigurationIsVisible = 0;
			defaultConfigurationName = Release;
		};
		38960C6E263FEC6D0006FA14 /* Build configuration list for PBXNativeTarget "AsanoSurf" */ = {
			isa = XCConfigurationList;
			buildConfigurations = (
				38960C6F263FEC6D0006FA14 /* Debug */,
				38960C70263FEC6D0006FA14 /* Release */,
			);
			defaultConfigurationIsVisible = 0;
			defaultConfigurationName = Release;
		};
		38960C71263FEC6D0006FA14 /* Build configuration list for PBXNativeTarget "AsanoSurfTests" */ = {
			isa = XCConfigurationList;
			buildConfigurations = (
				38960C72263FEC6D0006FA14 /* Debug */,
				38960C73263FEC6D0006FA14 /* Release */,
			);
			defaultConfigurationIsVisible = 0;
			defaultConfigurationName = Release;
		};
		38960C74263FEC6D0006FA14 /* Build configuration list for PBXNativeTarget "AsanoSurfUITests" */ = {
			isa = XCConfigurationList;
			buildConfigurations = (
				38960C75263FEC6D0006FA14 /* Debug */,
				38960C76263FEC6D0006FA14 /* Release */,
			);
			defaultConfigurationIsVisible = 0;
			defaultConfigurationName = Release;
		};
/* End XCConfigurationList section */
	};
	rootObject = 38960C41263FEC6B0006FA14 /* Project object */;
}
